
Microsoft Visual Studio Solution File, Format Version 12.00
# Visual Studio Version 17
VisualStudioVersion = 17.14.37111.16
MinimumVisualStudioVersion = 10.0.40219.1
Project("{2150E333-8FDC-42A3-9474-1A3956D46DE8}") = "Api", "Api", "{DBC6FB35-5EB3-4057-A28A-AB55BB5A6DA5}"
	ProjectSection(SolutionItems) = preProject
		Api\api-production.yaml = Api\api-production.yaml
	EndProjectSection
EndProject
Project("{9A19103F-16F7-4668-BE54-9A1E7A4F7556}") = "FarmApp.Api", "Api\FarmApp.Api\FarmApp.Api.csproj", "{72C51B3B-3C57-4083-97A0-32D5B957A1C9}"
EndProject
Project("{9A19103F-16F7-4668-BE54-9A1E7A4F7556}") = "FarmApp.BusinessLogicLayer", "Api\FarmApp.BusinessLogicLayer\FarmApp.BusinessLogicLayer.csproj", "{2790D901-B288-4BCA-9723-BD05FDE81A35}"
EndProject
Project("{9A19103F-16F7-4668-BE54-9A1E7A4F7556}") = "FarmApp.Shared", "FarmApp.Shared\FarmApp.Shared.csproj", "{94BBE90F-5323-431C-A5F1-D636FCA6E02C}"
EndProject
Project("{2150E333-8FDC-42A3-9474-1A3956D46DE8}") = "Client", "Client", "{CB3A8810-9E19-4168-B5EA-5B45923158F1}"
EndProject
Project("{9A19103F-16F7-4668-BE54-9A1E7A4F7556}") = "FarmApp.WebClient", "Client\FarmApp.WebClient\FarmApp.WebClient.csproj", "{7C96B484-E3AC-4DAB-A056-7D0193548274}"
EndProject
Project("{2150E333-8FDC-42A3-9474-1A3956D46DE8}") = "Data", "Data", "{C70A5A7D-A3CF-4632-8EBC-86A3392433C1}"
EndProject
Project("{9A19103F-16F7-4668-BE54-9A1E7A4F7556}") = "FarmApp.DataAccessLayer", "Data\FarmApp.DataAccessLayer\FarmApp.DataAccessLayer.csproj", "{7DA96B46-9BA8-4EDC-933A-2C01723BB987}"
EndProject
Project("{9A19103F-16F7-4668-BE54-9A1E7A4F7556}") = "FarmApp.DataConverter", "Data\FarmApp.DataConverter\FarmApp.DataConverter.csproj", "{E89599E7-BEFF-4723-9C54-E93D371BAAEC}"
EndProject
Project("{9A19103F-16F7-4668-BE54-9A1E7A4F7556}") = "FarmApp.Entities", "Data\FarmApp.Entities\FarmApp.Entities.csproj", "{D7FD3F0C-14D4-454F-8145-BA59F9923197}"
EndProject
Project("{9A19103F-16F7-4668-BE54-9A1E7A4F7556}") = "FarmApp.ViewModels", "Data\FarmApp.ViewModels\FarmApp.ViewModels.csproj", "{BDAB6564-C8FA-4CF4-993E-78FB1B402EF7}"
EndProject
Project("{9A19103F-16F7-4668-BE54-9A1E7A4F7556}") = "FarmApp.MVTParser", "Data\FarmApp.MVTParser\FarmApp.MVTParser.csproj", "{A942437E-3131-4C20-9790-8D66F882309A}"
EndProject
Project("{9A19103F-16F7-4668-BE54-9A1E7A4F7556}") = "FarmApp.Mobile", "Client\FarmApp.Mobile\FarmApp.Mobile.csproj", "{547601C1-524A-459E-9E4A-C9AC14007AA6}"
EndProject
Project("{9A19103F-16F7-4668-BE54-9A1E7A4F7556}") = "FarmApp.Components", "Client\FarmApp.Components\FarmApp.Components.csproj", "{3975BA98-B4C7-43A8-B5D4-C39A08AE59EF}"
EndProject
Project("{9A19103F-16F7-4668-BE54-9A1E7A4F7556}") = "FarmApp.Services", "Client\FarmApp.Services\FarmApp.Services.csproj", "{059CB988-E104-4ECE-82A8-99E568DDE81D}"
EndProject
Project("{9A19103F-16F7-4668-BE54-9A1E7A4F7556}") = "FarmApp.Tests", "Api\FarmApp.Tests\FarmApp.Tests.csproj", "{53FD0FC6-263F-4E4A-A519-31163AB1B835}"
EndProject
Project("{2150E333-8FDC-42A3-9474-1A3956D46DE8}") = "MaplibreNative", "MaplibreNative", "{22AB839C-FB23-463E-A2F6-36552E519830}"
EndProject
Project("{2150E333-8FDC-42A3-9474-1A3956D46DE8}") = "Library", "Library", "{8D858B1B-B801-496E-8294-B03F9F34E2B6}"
EndProject
Project("{2150E333-8FDC-42A3-9474-1A3956D46DE8}") = "ReferenceBindings", "ReferenceBindings", "{4D62B560-C961-44E7-81FB-6C864CB85173}"
EndProject
Project("{9A19103F-16F7-4668-BE54-9A1E7A4F7556}") = "Com.Mapbox.Mapboxsdk.Mapbox.Android.Gestures", "Client\MaplibreNative\Library\ReferenceBindings\Com.Mapbox.Mapboxsdk.Mapbox.Android.Gestures\Com.Mapbox.Mapboxsdk.Mapbox.Android.Gestures.csproj", "{01DAFC0B-D389-4AD9-BEDA-964E936005DA}"
EndProject
Project("{9A19103F-16F7-4668-BE54-9A1E7A4F7556}") = "Org.Maplibre.Gl.Android.Sdk.Geojson", "Client\MaplibreNative\Library\ReferenceBindings\Org.Maplibre.Gl.Android.Sdk.Geojson\Org.Maplibre.Gl.Android.Sdk.Geojson.csproj", "{D3C0413B-3CD2-446C-BCF7-313C5EADD1BA}"
EndProject
Project("{9A19103F-16F7-4668-BE54-9A1E7A4F7556}") = "Org.Maplibre.Gl.Android.Sdk.Turf", "Client\MaplibreNative\Library\ReferenceBindings\Org.Maplibre.Gl.Android.Sdk.Turf\Org.Maplibre.Gl.Android.Sdk.Turf.csproj", "{45C147CC-0096-46B8-BA77-BE70F3708A4A}"
EndProject
Project("{9A19103F-16F7-4668-BE54-9A1E7A4F7556}") = "Xamarin.Maplibre.Android", "Client\MaplibreNative\Library\Xamarin.Maplibre.Android\Xamarin.Maplibre.Android.csproj", "{508B9496-E5BB-4B14-B6E9-B4C695AF096D}"
EndProject
Project("{9A19103F-16F7-4668-BE54-9A1E7A4F7556}") = "Maplibre.Maui", "Client\MaplibreNative\Maplibre.Maui\Maplibre.Maui.csproj", "{B1DFDE57-AD9E-42D4-98FF-E2893CA31ED2}"
EndProject
Project("{FAE04EC0-301F-11D3-BF4B-00C04F79EFBC}") = "MapLibre.Native.iOS", "Client\MaplibreNative\Library\MapLibre.Native.iOS\MapLibre.Native.iOS.csproj", "{3C86A5A5-D092-4232-AAF0-334687759764}"
EndProject
Project("{2150E333-8FDC-42A3-9474-1A3956D46DE8}") = "MapLibre.xcframework", "MapLibre.xcframework", "{62DB251F-CD99-4D7D-BD59-1FEF735727B1}"
EndProject
Project("{2150E333-8FDC-42A3-9474-1A3956D46DE8}") = "Admin", "Admin", "{F9CF6DD4-1690-4C30-A0C5-7814474AE4AA}"
EndProject
Project("{FAE04EC0-301F-11D3-BF4B-00C04F79EFBC}") = "FarmApp.AdminComponents", "Admin\FarmApp.AdminComponents\FarmApp.AdminComponents.csproj", "{DA2F5DE8-9E85-403F-B884-D17C646993AA}"
EndProject
Project("{FAE04EC0-301F-11D3-BF4B-00C04F79EFBC}") = "FarmApp.Admin.Wasm", "Admin\FarmApp.Admin.Wasm\FarmApp.Admin.Wasm.csproj", "{232BC186-96E1-41AD-BC9B-64D50114822A}"
EndProject
Project("{2150E333-8FDC-42A3-9474-1A3956D46DE8}") = "BCH", "BCH", "{1A72D710-D145-4B9A-BFA7-C12C65E3829D}"
EndProject
Project("{2150E333-8FDC-42A3-9474-1A3956D46DE8}") = "Modules", "Modules", "{EE11DE23-23E7-45C1-AD38-CDC7E9929A44}"
EndProject
Project("{FAE04EC0-301F-11D3-BF4B-00C04F79EFBC}") = "Bch.Modules.Themes", "Admin\BCH\Bch.Modules.Themes\Bch.Modules.Themes.csproj", "{343D3B5F-984E-408D-A5BA-3409AB5DAC0B}"
EndProject
Project("{FAE04EC0-301F-11D3-BF4B-00C04F79EFBC}") = "FarmApp.Models", "FarmApp.Models\FarmApp.Models.csproj", "{8AFD20CB-EC81-4FC6-B9A3-19CDDE27A0DE}"
EndProject
Project("{FAE04EC0-301F-11D3-BF4B-00C04F79EFBC}") = "Bch.Modules.Storage", "Admin\BCH\Bch.Modules.Storage\Bch.Modules.Storage.csproj", "{F92AFFF4-7645-431A-B89C-F81E5C95F07F}"
EndProject
Project("{2150E333-8FDC-42A3-9474-1A3956D46DE8}") = "Components", "Components", "{97C37EA3-ED3C-4A6B-8D94-79052408D2FD}"
EndProject
Project("{2150E333-8FDC-42A3-9474-1A3956D46DE8}") = "Pipelines", "Pipelines", "{795E11C6-886D-4769-BF6D-CAD9F5B8A844}"
	ProjectSection(SolutionItems) = preProject
		Pipelines\android-play-market-pipeline.yaml = Pipelines\android-play-market-pipeline.yaml
		Pipelines\api-azure-pipeline.yaml = Pipelines\api-azure-pipeline.yaml
		Pipelines\ios-testfly-pipeline.yaml = Pipelines\ios-testfly-pipeline.yaml
	EndProjectSection
EndProject
Project("{2150E333-8FDC-42A3-9474-1A3956D46DE8}") = "Tools", "Tools", "{07C2787E-EAC7-C090-1BA3-A61EC2A24D84}"
EndProject
Project("{FAE04EC0-301F-11D3-BF4B-00C04F79EFBC}") = "PushSharp.Net", "Tools\PushSharp.Net\PushSharp.Net.csproj", "{7F0264C6-D41A-4929-9CF4-6028799AA4DC}"
EndProject
Project("{FAE04EC0-301F-11D3-BF4B-00C04F79EFBC}") = "FarmApp.PmtilesTileGateway", "Tools\FarmApp.PmtilesTileGateway\FarmApp.PmtilesTileGateway.csproj", "{1B970874-C2EF-4065-89A6-906E036BDE3E}"
EndProject
Global
	GlobalSection(SolutionConfigurationPlatforms) = preSolution
		Debug|Any CPU = Debug|Any CPU
		Debug|x64 = Debug|x64
		Debug|x86 = Debug|x86
		Release|Any CPU = Release|Any CPU
		Release|x64 = Release|x64
		Release|x86 = Release|x86
	EndGlobalSection
	GlobalSection(ProjectConfigurationPlatforms) = postSolution
		{72C51B3B-3C57-4083-97A0-32D5B957A1C9}.Debug|Any CPU.ActiveCfg = Debug|Any CPU
		{72C51B3B-3C57-4083-97A0-32D5B957A1C9}.Debug|Any CPU.Build.0 = Debug|Any CPU
		{72C51B3B-3C57-4083-97A0-32D5B957A1C9}.Debug|x64.ActiveCfg = Debug|Any CPU
		{72C51B3B-3C57-4083-97A0-32D5B957A1C9}.Debug|x64.Build.0 = Debug|Any CPU
		{72C51B3B-3C57-4083-97A0-32D5B957A1C9}.Debug|x86.ActiveCfg = Debug|Any CPU
		{72C51B3B-3C57-4083-97A0-32D5B957A1C9}.Debug|x86.Build.0 = Debug|Any CPU
		{72C51B3B-3C57-4083-97A0-32D5B957A1C9}.Release|Any CPU.ActiveCfg = Release|Any CPU
		{72C51B3B-3C57-4083-97A0-32D5B957A1C9}.Release|Any CPU.Build.0 = Release|Any CPU
		{72C51B3B-3C57-4083-97A0-32D5B957A1C9}.Release|x64.ActiveCfg = Release|Any CPU
		{72C51B3B-3C57-4083-97A0-32D5B957A1C9}.Release|x64.Build.0 = Release|Any CPU
		{72C51B3B-3C57-4083-97A0-32D5B957A1C9}.Release|x86.ActiveCfg = Release|Any CPU
		{72C51B3B-3C57-4083-97A0-32D5B957A1C9}.Release|x86.Build.0 = Release|Any CPU
		{2790D901-B288-4BCA-9723-BD05FDE81A35}.Debug|Any CPU.ActiveCfg = Debug|Any CPU
		{2790D901-B288-4BCA-9723-BD05FDE81A35}.Debug|Any CPU.Build.0 = Debug|Any CPU
		{2790D901-B288-4BCA-9723-BD05FDE81A35}.Debug|x64.ActiveCfg = Debug|Any CPU
		{2790D901-B288-4BCA-9723-BD05FDE81A35}.Debug|x64.Build.0 = Debug|Any CPU
		{2790D901-B288-4BCA-9723-BD05FDE81A35}.Debug|x86.ActiveCfg = Debug|Any CPU
		{2790D901-B288-4BCA-9723-BD05FDE81A35}.Debug|x86.Build.0 = Debug|Any CPU
		{2790D901-B288-4BCA-9723-BD05FDE81A35}.Release|Any CPU.ActiveCfg = Release|Any CPU
		{2790D901-B288-4BCA-9723-BD05FDE81A35}.Release|Any CPU.Build.0 = Release|Any CPU
		{2790D901-B288-4BCA-9723-BD05FDE81A35}.Release|x64.ActiveCfg = Release|Any CPU
		{2790D901-B288-4BCA-9723-BD05FDE81A35}.Release|x64.Build.0 = Release|Any CPU
		{2790D901-B288-4BCA-9723-BD05FDE81A35}.Release|x86.ActiveCfg = Release|Any CPU
		{2790D901-B288-4BCA-9723-BD05FDE81A35}.Release|x86.Build.0 = Release|Any CPU
		{94BBE90F-5323-431C-A5F1-D636FCA6E02C}.Debug|Any CPU.ActiveCfg = Debug|Any CPU
		{94BBE90F-5323-431C-A5F1-D636FCA6E02C}.Debug|Any CPU.Build.0 = Debug|Any CPU
		{94BBE90F-5323-431C-A5F1-D636FCA6E02C}.Debug|x64.ActiveCfg = Debug|Any CPU
		{94BBE90F-5323-431C-A5F1-D636FCA6E02C}.Debug|x64.Build.0 = Debug|Any CPU
		{94BBE90F-5323-431C-A5F1-D636FCA6E02C}.Debug|x86.ActiveCfg = Debug|Any CPU
		{94BBE90F-5323-431C-A5F1-D636FCA6E02C}.Debug|x86.Build.0 = Debug|Any CPU
		{94BBE90F-5323-431C-A5F1-D636FCA6E02C}.Release|Any CPU.ActiveCfg = Release|Any CPU
		{94BBE90F-5323-431C-A5F1-D636FCA6E02C}.Release|Any CPU.Build.0 = Release|Any CPU
		{94BBE90F-5323-431C-A5F1-D636FCA6E02C}.Release|x64.ActiveCfg = Release|Any CPU
		{94BBE90F-5323-431C-A5F1-D636FCA6E02C}.Release|x64.Build.0 = Release|Any CPU
		{94BBE90F-5323-431C-A5F1-D636FCA6E02C}.Release|x86.ActiveCfg = Release|Any CPU
		{94BBE90F-5323-431C-A5F1-D636FCA6E02C}.Release|x86.Build.0 = Release|Any CPU
		{7C96B484-E3AC-4DAB-A056-7D0193548274}.Debug|Any CPU.ActiveCfg = Debug|Any CPU
		{7C96B484-E3AC-4DAB-A056-7D0193548274}.Debug|Any CPU.Build.0 = Debug|Any CPU
		{7C96B484-E3AC-4DAB-A056-7D0193548274}.Debug|x64.ActiveCfg = Debug|Any CPU
		{7C96B484-E3AC-4DAB-A056-7D0193548274}.Debug|x64.Build.0 = Debug|Any CPU
		{7C96B484-E3AC-4DAB-A056-7D0193548274}.Debug|x86.ActiveCfg = Debug|Any CPU
		{7C96B484-E3AC-4DAB-A056-7D0193548274}.Debug|x86.Build.0 = Debug|Any CPU
		{7C96B484-E3AC-4DAB-A056-7D0193548274}.Release|Any CPU.ActiveCfg = Release|Any CPU
		{7C96B484-E3AC-4DAB-A056-7D0193548274}.Release|Any CPU.Build.0 = Release|Any CPU
		{7C96B484-E3AC-4DAB-A056-7D0193548274}.Release|x64.ActiveCfg = Release|Any CPU
		{7C96B484-E3AC-4DAB-A056-7D0193548274}.Release|x64.Build.0 = Release|Any CPU
		{7C96B484-E3AC-4DAB-A056-7D0193548274}.Release|x86.ActiveCfg = Release|Any CPU
		{7C96B484-E3AC-4DAB-A056-7D0193548274}.Release|x86.Build.0 = Release|Any CPU
		{7DA96B46-9BA8-4EDC-933A-2C01723BB987}.Debug|Any CPU.ActiveCfg = Debug|Any CPU
		{7DA96B46-9BA8-4EDC-933A-2C01723BB987}.Debug|Any CPU.Build.0 = Debug|Any CPU
		{7DA96B46-9BA8-4EDC-933A-2C01723BB987}.Debug|x64.ActiveCfg = Debug|Any CPU
		{7DA96B46-9BA8-4EDC-933A-2C01723BB987}.Debug|x64.Build.0 = Debug|Any CPU
		{7DA96B46-9BA8-4EDC-933A-2C01723BB987}.Debug|x86.ActiveCfg = Debug|Any CPU
		{7DA96B46-9BA8-4EDC-933A-2C01723BB987}.Debug|x86.Build.0 = Debug|Any CPU
		{7DA96B46-9BA8-4EDC-933A-2C01723BB987}.Release|Any CPU.ActiveCfg = Release|Any CPU
		{7DA96B46-9BA8-4EDC-933A-2C01723BB987}.Release|Any CPU.Build.0 = Release|Any CPU
		{7DA96B46-9BA8-4EDC-933A-2C01723BB987}.Release|x64.ActiveCfg = Release|Any CPU
		{7DA96B46-9BA8-4EDC-933A-2C01723BB987}.Release|x64.Build.0 = Release|Any CPU
		{7DA96B46-9BA8-4EDC-933A-2C01723BB987}.Release|x86.ActiveCfg = Release|Any CPU
		{7DA96B46-9BA8-4EDC-933A-2C01723BB987}.Release|x86.Build.0 = Release|Any CPU
		{E89599E7-BEFF-4723-9C54-E93D371BAAEC}.Debug|Any CPU.ActiveCfg = Debug|Any CPU
		{E89599E7-BEFF-4723-9C54-E93D371BAAEC}.Debug|Any CPU.Build.0 = Debug|Any CPU
		{E89599E7-BEFF-4723-9C54-E93D371BAAEC}.Debug|x64.ActiveCfg = Debug|Any CPU
		{E89599E7-BEFF-4723-9C54-E93D371BAAEC}.Debug|x64.Build.0 = Debug|Any CPU
		{E89599E7-BEFF-4723-9C54-E93D371BAAEC}.Debug|x86.ActiveCfg = Debug|Any CPU
		{E89599E7-BEFF-4723-9C54-E93D371BAAEC}.Debug|x86.Build.0 = Debug|Any CPU
		{E89599E7-BEFF-4723-9C54-E93D371BAAEC}.Release|Any CPU.ActiveCfg = Release|Any CPU
		{E89599E7-BEFF-4723-9C54-E93D371BAAEC}.Release|Any CPU.Build.0 = Release|Any CPU
		{E89599E7-BEFF-4723-9C54-E93D371BAAEC}.Release|x64.ActiveCfg = Release|Any CPU
		{E89599E7-BEFF-4723-9C54-E93D371BAAEC}.Release|x64.Build.0 = Release|Any CPU
		{E89599E7-BEFF-4723-9C54-E93D371BAAEC}.Release|x86.ActiveCfg = Release|Any CPU
		{E89599E7-BEFF-4723-9C54-E93D371BAAEC}.Release|x86.Build.0 = Release|Any CPU
		{D7FD3F0C-14D4-454F-8145-BA59F9923197}.Debug|Any CPU.ActiveCfg = Debug|Any CPU
		{D7FD3F0C-14D4-454F-8145-BA59F9923197}.Debug|Any CPU.Build.0 = Debug|Any CPU
		{D7FD3F0C-14D4-454F-8145-BA59F9923197}.Debug|x64.ActiveCfg = Debug|Any CPU
		{D7FD3F0C-14D4-454F-8145-BA59F9923197}.Debug|x64.Build.0 = Debug|Any CPU
		{D7FD3F0C-14D4-454F-8145-BA59F9923197}.Debug|x86.ActiveCfg = Debug|Any CPU
		{D7FD3F0C-14D4-454F-8145-BA59F9923197}.Debug|x86.Build.0 = Debug|Any CPU
		{D7FD3F0C-14D4-454F-8145-BA59F9923197}.Release|Any CPU.ActiveCfg = Release|Any CPU
		{D7FD3F0C-14D4-454F-8145-BA59F9923197}.Release|Any CPU.Build.0 = Release|Any CPU
		{D7FD3F0C-14D4-454F-8145-BA59F9923197}.Release|x64.ActiveCfg = Release|Any CPU
		{D7FD3F0C-14D4-454F-8145-BA59F9923197}.Release|x64.Build.0 = Release|Any CPU
		{D7FD3F0C-14D4-454F-8145-BA59F9923197}.Release|x86.ActiveCfg = Release|Any CPU
		{D7FD3F0C-14D4-454F-8145-BA59F9923197}.Release|x86.Build.0 = Release|Any CPU
		{BDAB6564-C8FA-4CF4-993E-78FB1B402EF7}.Debug|Any CPU.ActiveCfg = Debug|Any CPU
		{BDAB6564-C8FA-4CF4-993E-78FB1B402EF7}.Debug|Any CPU.Build.0 = Debug|Any CPU
		{BDAB6564-C8FA-4CF4-993E-78FB1B402EF7}.Debug|x64.ActiveCfg = Debug|Any CPU
		{BDAB6564-C8FA-4CF4-993E-78FB1B402EF7}.Debug|x64.Build.0 = Debug|Any CPU
		{BDAB6564-C8FA-4CF4-993E-78FB1B402EF7}.Debug|x86.ActiveCfg = Debug|Any CPU
		{BDAB6564-C8FA-4CF4-993E-78FB1B402EF7}.Debug|x86.Build.0 = Debug|Any CPU
		{BDAB6564-C8FA-4CF4-993E-78FB1B402EF7}.Release|Any CPU.ActiveCfg = Release|Any CPU
		{BDAB6564-C8FA-4CF4-993E-78FB1B402EF7}.Release|Any CPU.Build.0 = Release|Any CPU
		{BDAB6564-C8FA-4CF4-993E-78FB1B402EF7}.Release|x64.ActiveCfg = Release|Any CPU
		{BDAB6564-C8FA-4CF4-993E-78FB1B402EF7}.Release|x64.Build.0 = Release|Any CPU
		{BDAB6564-C8FA-4CF4-993E-78FB1B402EF7}.Release|x86.ActiveCfg = Release|Any CPU
		{BDAB6564-C8FA-4CF4-993E-78FB1B402EF7}.Release|x86.Build.0 = Release|Any CPU
		{A942437E-3131-4C20-9790-8D66F882309A}.Debug|Any CPU.ActiveCfg = Debug|Any CPU
		{A942437E-3131-4C20-9790-8D66F882309A}.Debug|Any CPU.Build.0 = Debug|Any CPU
		{A942437E-3131-4C20-9790-8D66F882309A}.Debug|x64.ActiveCfg = Debug|Any CPU
		{A942437E-3131-4C20-9790-8D66F882309A}.Debug|x64.Build.0 = Debug|Any CPU
		{A942437E-3131-4C20-9790-8D66F882309A}.Debug|x86.ActiveCfg = Debug|Any CPU
		{A942437E-3131-4C20-9790-8D66F882309A}.Debug|x86.Build.0 = Debug|Any CPU
		{A942437E-3131-4C20-9790-8D66F882309A}.Release|Any CPU.ActiveCfg = Release|Any CPU
		{A942437E-3131-4C20-9790-8D66F882309A}.Release|Any CPU.Build.0 = Release|Any CPU
		{A942437E-3131-4C20-9790-8D66F882309A}.Release|x64.ActiveCfg = Release|Any CPU
		{A942437E-3131-4C20-9790-8D66F882309A}.Release|x64.Build.0 = Release|Any CPU
		{A942437E-3131-4C20-9790-8D66F882309A}.Release|x86.ActiveCfg = Release|Any CPU
		{A942437E-3131-4C20-9790-8D66F882309A}.Release|x86.Build.0 = Release|Any CPU
		{547601C1-524A-459E-9E4A-C9AC14007AA6}.Debug|Any CPU.ActiveCfg = Debug|Any CPU
		{547601C1-524A-459E-9E4A-C9AC14007AA6}.Debug|Any CPU.Build.0 = Debug|Any CPU
		{547601C1-524A-459E-9E4A-C9AC14007AA6}.Debug|Any CPU.Deploy.0 = Debug|Any CPU
		{547601C1-524A-459E-9E4A-C9AC14007AA6}.Debug|x64.ActiveCfg = Debug|Any CPU
		{547601C1-524A-459E-9E4A-C9AC14007AA6}.Debug|x64.Build.0 = Debug|Any CPU
		{547601C1-524A-459E-9E4A-C9AC14007AA6}.Debug|x86.ActiveCfg = Debug|Any CPU
		{547601C1-524A-459E-9E4A-C9AC14007AA6}.Debug|x86.Build.0 = Debug|Any CPU
		{547601C1-524A-459E-9E4A-C9AC14007AA6}.Release|Any CPU.ActiveCfg = Release|Any CPU
		{547601C1-524A-459E-9E4A-C9AC14007AA6}.Release|Any CPU.Build.0 = Release|Any CPU
		{547601C1-524A-459E-9E4A-C9AC14007AA6}.Release|x64.ActiveCfg = Release|Any CPU
		{547601C1-524A-459E-9E4A-C9AC14007AA6}.Release|x64.Build.0 = Release|Any CPU
		{547601C1-524A-459E-9E4A-C9AC14007AA6}.Release|x86.ActiveCfg = Release|Any CPU
		{547601C1-524A-459E-9E4A-C9AC14007AA6}.Release|x86.Build.0 = Release|Any CPU
		{3975BA98-B4C7-43A8-B5D4-C39A08AE59EF}.Debug|Any CPU.ActiveCfg = Debug|Any CPU
		{3975BA98-B4C7-43A8-B5D4-C39A08AE59EF}.Debug|Any CPU.Build.0 = Debug|Any CPU
		{3975BA98-B4C7-43A8-B5D4-C39A08AE59EF}.Debug|x64.ActiveCfg = Debug|Any CPU
		{3975BA98-B4C7-43A8-B5D4-C39A08AE59EF}.Debug|x64.Build.0 = Debug|Any CPU
		{3975BA98-B4C7-43A8-B5D4-C39A08AE59EF}.Debug|x86.ActiveCfg = Debug|Any CPU
		{3975BA98-B4C7-43A8-B5D4-C39A08AE59EF}.Debug|x86.Build.0 = Debug|Any CPU
		{3975BA98-B4C7-43A8-B5D4-C39A08AE59EF}.Release|Any CPU.ActiveCfg = Release|Any CPU
		{3975BA98-B4C7-43A8-B5D4-C39A08AE59EF}.Release|Any CPU.Build.0 = Release|Any CPU
		{3975BA98-B4C7-43A8-B5D4-C39A08AE59EF}.Release|x64.ActiveCfg = Release|Any CPU
		{3975BA98-B4C7-43A8-B5D4-C39A08AE59EF}.Release|x64.Build.0 = Release|Any CPU
		{3975BA98-B4C7-43A8-B5D4-C39A08AE59EF}.Release|x86.ActiveCfg = Release|Any CPU
		{3975BA98-B4C7-43A8-B5D4-C39A08AE59EF}.Release|x86.Build.0 = Release|Any CPU
		{059CB988-E104-4ECE-82A8-99E568DDE81D}.Debug|Any CPU.ActiveCfg = Debug|Any CPU
		{059CB988-E104-4ECE-82A8-99E568DDE81D}.Debug|Any CPU.Build.0 = Debug|Any CPU
		{059CB988-E104-4ECE-82A8-99E568DDE81D}.Debug|x64.ActiveCfg = Debug|Any CPU
		{059CB988-E104-4ECE-82A8-99E568DDE81D}.Debug|x64.Build.0 = Debug|Any CPU
		{059CB988-E104-4ECE-82A8-99E568DDE81D}.Debug|x86.ActiveCfg = Debug|Any CPU
		{059CB988-E104-4ECE-82A8-99E568DDE81D}.Debug|x86.Build.0 = Debug|Any CPU
		{059CB988-E104-4ECE-82A8-99E568DDE81D}.Release|Any CPU.ActiveCfg = Release|Any CPU
		{059CB988-E104-4ECE-82A8-99E568DDE81D}.Release|Any CPU.Build.0 = Release|Any CPU
		{059CB988-E104-4ECE-82A8-99E568DDE81D}.Release|x64.ActiveCfg = Release|Any CPU
		{059CB988-E104-4ECE-82A8-99E568DDE81D}.Release|x64.Build.0 = Release|Any CPU
		{059CB988-E104-4ECE-82A8-99E568DDE81D}.Release|x86.ActiveCfg = Release|Any CPU
		{059CB988-E104-4ECE-82A8-99E568DDE81D}.Release|x86.Build.0 = Release|Any CPU
		{53FD0FC6-263F-4E4A-A519-31163AB1B835}.Debug|Any CPU.ActiveCfg = Debug|Any CPU
		{53FD0FC6-263F-4E4A-A519-31163AB1B835}.Debug|Any CPU.Build.0 = Debug|Any CPU
		{53FD0FC6-263F-4E4A-A519-31163AB1B835}.Debug|x64.ActiveCfg = Debug|Any CPU
		{53FD0FC6-263F-4E4A-A519-31163AB1B835}.Debug|x64.Build.0 = Debug|Any CPU
		{53FD0FC6-263F-4E4A-A519-31163AB1B835}.Debug|x86.ActiveCfg = Debug|Any CPU
		{53FD0FC6-263F-4E4A-A519-31163AB1B835}.Debug|x86.Build.0 = Debug|Any CPU
		{53FD0FC6-263F-4E4A-A519-31163AB1B835}.Release|Any CPU.ActiveCfg = Release|Any CPU
		{53FD0FC6-263F-4E4A-A519-31163AB1B835}.Release|Any CPU.Build.0 = Release|Any CPU
		{53FD0FC6-263F-4E4A-A519-31163AB1B835}.Release|x64.ActiveCfg = Release|Any CPU
		{53FD0FC6-263F-4E4A-A519-31163AB1B835}.Release|x64.Build.0 = Release|Any CPU
		{53FD0FC6-263F-4E4A-A519-31163AB1B835}.Release|x86.ActiveCfg = Release|Any CPU
		{53FD0FC6-263F-4E4A-A519-31163AB1B835}.Release|x86.Build.0 = Release|Any CPU
		{01DAFC0B-D389-4AD9-BEDA-964E936005DA}.Debug|Any CPU.ActiveCfg = Debug|Any CPU
		{01DAFC0B-D389-4AD9-BEDA-964E936005DA}.Debug|Any CPU.Build.0 = Debug|Any CPU
		{01DAFC0B-D389-4AD9-BEDA-964E936005DA}.Debug|x64.ActiveCfg = Debug|Any CPU
		{01DAFC0B-D389-4AD9-BEDA-964E936005DA}.Debug|x64.Build.0 = Debug|Any CPU
		{01DAFC0B-D389-4AD9-BEDA-964E936005DA}.Debug|x86.ActiveCfg = Debug|Any CPU
		{01DAFC0B-D389-4AD9-BEDA-964E936005DA}.Debug|x86.Build.0 = Debug|Any CPU
		{01DAFC0B-D389-4AD9-BEDA-964E936005DA}.Release|Any CPU.ActiveCfg = Release|Any CPU
		{01DAFC0B-D389-4AD9-BEDA-964E936005DA}.Release|Any CPU.Build.0 = Release|Any CPU
		{01DAFC0B-D389-4AD9-BEDA-964E936005DA}.Release|x64.ActiveCfg = Release|Any CPU
		{01DAFC0B-D389-4AD9-BEDA-964E936005DA}.Release|x64.Build.0 = Release|Any CPU
		{01DAFC0B-D389-4AD9-BEDA-964E936005DA}.Release|x86.ActiveCfg = Release|Any CPU
		{01DAFC0B-D389-4AD9-BEDA-964E936005DA}.Release|x86.Build.0 = Release|Any CPU
		{D3C0413B-3CD2-446C-BCF7-313C5EADD1BA}.Debug|Any CPU.ActiveCfg = Debug|Any CPU
		{D3C0413B-3CD2-446C-BCF7-313C5EADD1BA}.Debug|Any CPU.Build.0 = Debug|Any CPU
		{D3C0413B-3CD2-446C-BCF7-313C5EADD1BA}.Debug|x64.ActiveCfg = Debug|Any CPU
		{D3C0413B-3CD2-446C-BCF7-313C5EADD1BA}.Debug|x64.Build.0 = Debug|Any CPU
		{D3C0413B-3CD2-446C-BCF7-313C5EADD1BA}.Debug|x86.ActiveCfg = Debug|Any CPU
		{D3C0413B-3CD2-446C-BCF7-313C5EADD1BA}.Debug|x86.Build.0 = Debug|Any CPU
		{D3C0413B-3CD2-446C-BCF7-313C5EADD1BA}.Release|Any CPU.ActiveCfg = Release|Any CPU
		{D3C0413B-3CD2-446C-BCF7-313C5EADD1BA}.Release|Any CPU.Build.0 = Release|Any CPU
		{D3C0413B-3CD2-446C-BCF7-313C5EADD1BA}.Release|x64.ActiveCfg = Release|Any CPU
		{D3C0413B-3CD2-446C-BCF7-313C5EADD1BA}.Release|x64.Build.0 = Release|Any CPU
		{D3C0413B-3CD2-446C-BCF7-313C5EADD1BA}.Release|x86.ActiveCfg = Release|Any CPU
		{D3C0413B-3CD2-446C-BCF7-313C5EADD1BA}.Release|x86.Build.0 = Release|Any CPU
		{45C147CC-0096-46B8-BA77-BE70F3708A4A}.Debug|Any CPU.ActiveCfg = Debug|Any CPU
		{45C147CC-0096-46B8-BA77-BE70F3708A4A}.Debug|Any CPU.Build.0 = Debug|Any CPU
		{45C147CC-0096-46B8-BA77-BE70F3708A4A}.Debug|x64.ActiveCfg = Debug|Any CPU
		{45C147CC-0096-46B8-BA77-BE70F3708A4A}.Debug|x64.Build.0 = Debug|Any CPU
		{45C147CC-0096-46B8-BA77-BE70F3708A4A}.Debug|x86.ActiveCfg = Debug|Any CPU
		{45C147CC-0096-46B8-BA77-BE70F3708A4A}.Debug|x86.Build.0 = Debug|Any CPU
		{45C147CC-0096-46B8-BA77-BE70F3708A4A}.Release|Any CPU.ActiveCfg = Release|Any CPU
		{45C147CC-0096-46B8-BA77-BE70F3708A4A}.Release|Any CPU.Build.0 = Release|Any CPU
		{45C147CC-0096-46B8-BA77-BE70F3708A4A}.Release|x64.ActiveCfg = Release|Any CPU
		{45C147CC-0096-46B8-BA77-BE70F3708A4A}.Release|x64.Build.0 = Release|Any CPU
		{45C147CC-0096-46B8-BA77-BE70F3708A4A}.Release|x86.ActiveCfg = Release|Any CPU
		{45C147CC-0096-46B8-BA77-BE70F3708A4A}.Release|x86.Build.0 = Release|Any CPU
		{508B9496-E5BB-4B14-B6E9-B4C695AF096D}.Debug|Any CPU.ActiveCfg = Debug|Any CPU
		{508B9496-E5BB-4B14-B6E9-B4C695AF096D}.Debug|Any CPU.Build.0 = Debug|Any CPU
		{508B9496-E5BB-4B14-B6E9-B4C695AF096D}.Debug|x64.ActiveCfg = Debug|Any CPU
		{508B9496-E5BB-4B14-B6E9-B4C695AF096D}.Debug|x64.Build.0 = Debug|Any CPU
		{508B9496-E5BB-4B14-B6E9-B4C695AF096D}.Debug|x86.ActiveCfg = Debug|Any CPU
		{508B9496-E5BB-4B14-B6E9-B4C695AF096D}.Debug|x86.Build.0 = Debug|Any CPU
		{508B9496-E5BB-4B14-B6E9-B4C695AF096D}.Release|Any CPU.ActiveCfg = Release|Any CPU
		{508B9496-E5BB-4B14-B6E9-B4C695AF096D}.Release|Any CPU.Build.0 = Release|Any CPU
		{508B9496-E5BB-4B14-B6E9-B4C695AF096D}.Release|x64.ActiveCfg = Release|Any CPU
		{508B9496-E5BB-4B14-B6E9-B4C695AF096D}.Release|x64.Build.0 = Release|Any CPU
		{508B9496-E5BB-4B14-B6E9-B4C695AF096D}.Release|x86.ActiveCfg = Release|Any CPU
		{508B9496-E5BB-4B14-B6E9-B4C695AF096D}.Release|x86.Build.0 = Release|Any CPU
		{B1DFDE57-AD9E-42D4-98FF-E2893CA31ED2}.Debug|Any CPU.ActiveCfg = Debug|Any CPU
		{B1DFDE57-AD9E-42D4-98FF-E2893CA31ED2}.Debug|Any CPU.Build.0 = Debug|Any CPU
		{B1DFDE57-AD9E-42D4-98FF-E2893CA31ED2}.Debug|x64.ActiveCfg = Debug|Any CPU
		{B1DFDE57-AD9E-42D4-98FF-E2893CA31ED2}.Debug|x64.Build.0 = Debug|Any CPU
		{B1DFDE57-AD9E-42D4-98FF-E2893CA31ED2}.Debug|x86.ActiveCfg = Debug|Any CPU
		{B1DFDE57-AD9E-42D4-98FF-E2893CA31ED2}.Debug|x86.Build.0 = Debug|Any CPU
		{B1DFDE57-AD9E-42D4-98FF-E2893CA31ED2}.Release|Any CPU.ActiveCfg = Release|Any CPU
		{B1DFDE57-AD9E-42D4-98FF-E2893CA31ED2}.Release|Any CPU.Build.0 = Release|Any CPU
		{B1DFDE57-AD9E-42D4-98FF-E2893CA31ED2}.Release|x64.ActiveCfg = Release|Any CPU
		{B1DFDE57-AD9E-42D4-98FF-E2893CA31ED2}.Release|x64.Build.0 = Release|Any CPU
		{B1DFDE57-AD9E-42D4-98FF-E2893CA31ED2}.Release|x86.ActiveCfg = Release|Any CPU
		{B1DFDE57-AD9E-42D4-98FF-E2893CA31ED2}.Release|x86.Build.0 = Release|Any CPU
		{3C86A5A5-D092-4232-AAF0-334687759764}.Debug|Any CPU.ActiveCfg = Debug|Any CPU
		{3C86A5A5-D092-4232-AAF0-334687759764}.Debug|Any CPU.Build.0 = Debug|Any CPU
		{3C86A5A5-D092-4232-AAF0-334687759764}.Debug|x64.ActiveCfg = Debug|Any CPU
		{3C86A5A5-D092-4232-AAF0-334687759764}.Debug|x64.Build.0 = Debug|Any CPU
		{3C86A5A5-D092-4232-AAF0-334687759764}.Debug|x86.ActiveCfg = Debug|Any CPU
		{3C86A5A5-D092-4232-AAF0-334687759764}.Debug|x86.Build.0 = Debug|Any CPU
		{3C86A5A5-D092-4232-AAF0-334687759764}.Release|Any CPU.ActiveCfg = Release|Any CPU
		{3C86A5A5-D092-4232-AAF0-334687759764}.Release|Any CPU.Build.0 = Release|Any CPU
		{3C86A5A5-D092-4232-AAF0-334687759764}.Release|x64.ActiveCfg = Release|Any CPU
		{3C86A5A5-D092-4232-AAF0-334687759764}.Release|x64.Build.0 = Release|Any CPU
		{3C86A5A5-D092-4232-AAF0-334687759764}.Release|x86.ActiveCfg = Release|Any CPU
		{3C86A5A5-D092-4232-AAF0-334687759764}.Release|x86.Build.0 = Release|Any CPU
		{DA2F5DE8-9E85-403F-B884-D17C646993AA}.Debug|Any CPU.ActiveCfg = Debug|Any CPU
		{DA2F5DE8-9E85-403F-B884-D17C646993AA}.Debug|Any CPU.Build.0 = Debug|Any CPU
		{DA2F5DE8-9E85-403F-B884-D17C646993AA}.Debug|x64.ActiveCfg = Debug|Any CPU
		{DA2F5DE8-9E85-403F-B884-D17C646993AA}.Debug|x64.Build.0 = Debug|Any CPU
		{DA2F5DE8-9E85-403F-B884-D17C646993AA}.Debug|x86.ActiveCfg = Debug|Any CPU
		{DA2F5DE8-9E85-403F-B884-D17C646993AA}.Debug|x86.Build.0 = Debug|Any CPU
		{DA2F5DE8-9E85-403F-B884-D17C646993AA}.Release|Any CPU.ActiveCfg = Release|Any CPU
		{DA2F5DE8-9E85-403F-B884-D17C646993AA}.Release|Any CPU.Build.0 = Release|Any CPU
		{DA2F5DE8-9E85-403F-B884-D17C646993AA}.Release|x64.ActiveCfg = Release|Any CPU
		{DA2F5DE8-9E85-403F-B884-D17C646993AA}.Release|x64.Build.0 = Release|Any CPU
		{DA2F5DE8-9E85-403F-B884-D17C646993AA}.Release|x86.ActiveCfg = Release|Any CPU
		{DA2F5DE8-9E85-403F-B884-D17C646993AA}.Release|x86.Build.0 = Release|Any CPU
		{232BC186-96E1-41AD-BC9B-64D50114822A}.Debug|Any CPU.ActiveCfg = Debug|Any CPU
		{232BC186-96E1-41AD-BC9B-64D50114822A}.Debug|Any CPU.Build.0 = Debug|Any CPU
		{232BC186-96E1-41AD-BC9B-64D50114822A}.Debug|x64.ActiveCfg = Debug|Any CPU
		{232BC186-96E1-41AD-BC9B-64D50114822A}.Debug|x64.Build.0 = Debug|Any CPU
		{232BC186-96E1-41AD-BC9B-64D50114822A}.Debug|x86.ActiveCfg = Debug|Any CPU
		{232BC186-96E1-41AD-BC9B-64D50114822A}.Debug|x86.Build.0 = Debug|Any CPU
		{232BC186-96E1-41AD-BC9B-64D50114822A}.Release|Any CPU.ActiveCfg = Release|Any CPU
		{232BC186-96E1-41AD-BC9B-64D50114822A}.Release|Any CPU.Build.0 = Release|Any CPU
		{232BC186-96E1-41AD-BC9B-64D50114822A}.Release|x64.ActiveCfg = Release|Any CPU
		{232BC186-96E1-41AD-BC9B-64D50114822A}.Release|x64.Build.0 = Release|Any CPU
		{232BC186-96E1-41AD-BC9B-64D50114822A}.Release|x86.ActiveCfg = Release|Any CPU
		{232BC186-96E1-41AD-BC9B-64D50114822A}.Release|x86.Build.0 = Release|Any CPU
		{343D3B5F-984E-408D-A5BA-3409AB5DAC0B}.Debug|Any CPU.ActiveCfg = Debug|Any CPU
		{343D3B5F-984E-408D-A5BA-3409AB5DAC0B}.Debug|Any CPU.Build.0 = Debug|Any CPU
		{343D3B5F-984E-408D-A5BA-3409AB5DAC0B}.Debug|x64.ActiveCfg = Debug|Any CPU
		{343D3B5F-984E-408D-A5BA-3409AB5DAC0B}.Debug|x64.Build.0 = Debug|Any CPU
		{343D3B5F-984E-408D-A5BA-3409AB5DAC0B}.Debug|x86.ActiveCfg = Debug|Any CPU
		{343D3B5F-984E-408D-A5BA-3409AB5DAC0B}.Debug|x86.Build.0 = Debug|Any CPU
		{343D3B5F-984E-408D-A5BA-3409AB5DAC0B}.Release|Any CPU.ActiveCfg = Release|Any CPU
		{343D3B5F-984E-408D-A5BA-3409AB5DAC0B}.Release|Any CPU.Build.0 = Release|Any CPU
		{343D3B5F-984E-408D-A5BA-3409AB5DAC0B}.Release|x64.ActiveCfg = Release|Any CPU
		{343D3B5F-984E-408D-A5BA-3409AB5DAC0B}.Release|x64.Build.0 = Release|Any CPU
		{343D3B5F-984E-408D-A5BA-3409AB5DAC0B}.Release|x86.ActiveCfg = Release|Any CPU
		{343D3B5F-984E-408D-A5BA-3409AB5DAC0B}.Release|x86.Build.0 = Release|Any CPU
		{8AFD20CB-EC81-4FC6-B9A3-19CDDE27A0DE}.Debug|Any CPU.ActiveCfg = Debug|Any CPU
		{8AFD20CB-EC81-4FC6-B9A3-19CDDE27A0DE}.Debug|Any CPU.Build.0 = Debug|Any CPU
		{8AFD20CB-EC81-4FC6-B9A3-19CDDE27A0DE}.Debug|x64.ActiveCfg = Debug|Any CPU
		{8AFD20CB-EC81-4FC6-B9A3-19CDDE27A0DE}.Debug|x64.Build.0 = Debug|Any CPU
		{8AFD20CB-EC81-4FC6-B9A3-19CDDE27A0DE}.Debug|x86.ActiveCfg = Debug|Any CPU
		{8AFD20CB-EC81-4FC6-B9A3-19CDDE27A0DE}.Debug|x86.Build.0 = Debug|Any CPU
		{8AFD20CB-EC81-4FC6-B9A3-19CDDE27A0DE}.Release|Any CPU.ActiveCfg = Release|Any CPU
		{8AFD20CB-EC81-4FC6-B9A3-19CDDE27A0DE}.Release|Any CPU.Build.0 = Release|Any CPU
		{8AFD20CB-EC81-4FC6-B9A3-19CDDE27A0DE}.Release|x64.ActiveCfg = Release|Any CPU
		{8AFD20CB-EC81-4FC6-B9A3-19CDDE27A0DE}.Release|x64.Build.0 = Release|Any CPU
		{8AFD20CB-EC81-4FC6-B9A3-19CDDE27A0DE}.Release|x86.ActiveCfg = Release|Any CPU
		{8AFD20CB-EC81-4FC6-B9A3-19CDDE27A0DE}.Release|x86.Build.0 = Release|Any CPU
		{F92AFFF4-7645-431A-B89C-F81E5C95F07F}.Debug|Any CPU.ActiveCfg = Debug|Any CPU
		{F92AFFF4-7645-431A-B89C-F81E5C95F07F}.Debug|Any CPU.Build.0 = Debug|Any CPU
		{F92AFFF4-7645-431A-B89C-F81E5C95F07F}.Debug|x64.ActiveCfg = Debug|Any CPU
		{F92AFFF4-7645-431A-B89C-F81E5C95F07F}.Debug|x64.Build.0 = Debug|Any CPU
		{F92AFFF4-7645-431A-B89C-F81E5C95F07F}.Debug|x86.ActiveCfg = Debug|Any CPU
		{F92AFFF4-7645-431A-B89C-F81E5C95F07F}.Debug|x86.Build.0 = Debug|Any CPU
		{F92AFFF4-7645-431A-B89C-F81E5C95F07F}.Release|Any CPU.ActiveCfg = Release|Any CPU
		{F92AFFF4-7645-431A-B89C-F81E5C95F07F}.Release|Any CPU.Build.0 = Release|Any CPU
		{F92AFFF4-7645-431A-B89C-F81E5C95F07F}.Release|x64.ActiveCfg = Release|Any CPU
		{F92AFFF4-7645-431A-B89C-F81E5C95F07F}.Release|x64.Build.0 = Release|Any CPU
		{F92AFFF4-7645-431A-B89C-F81E5C95F07F}.Release|x86.ActiveCfg = Release|Any CPU
		{F92AFFF4-7645-431A-B89C-F81E5C95F07F}.Release|x86.Build.0 = Release|Any CPU
		{7F0264C6-D41A-4929-9CF4-6028799AA4DC}.Debug|Any CPU.ActiveCfg = Debug|Any CPU
		{7F0264C6-D41A-4929-9CF4-6028799AA4DC}.Debug|Any CPU.Build.0 = Debug|Any CPU
		{7F0264C6-D41A-4929-9CF4-6028799AA4DC}.Debug|x64.ActiveCfg = Debug|Any CPU
		{7F0264C6-D41A-4929-9CF4-6028799AA4DC}.Debug|x64.Build.0 = Debug|Any CPU
		{7F0264C6-D41A-4929-9CF4-6028799AA4DC}.Debug|x86.ActiveCfg = Debug|Any CPU
		{7F0264C6-D41A-4929-9CF4-6028799AA4DC}.Debug|x86.Build.0 = Debug|Any CPU
		{7F0264C6-D41A-4929-9CF4-6028799AA4DC}.Release|Any CPU.ActiveCfg = Release|Any CPU
		{7F0264C6-D41A-4929-9CF4-6028799AA4DC}.Release|Any CPU.Build.0 = Release|Any CPU
		{7F0264C6-D41A-4929-9CF4-6028799AA4DC}.Release|x64.ActiveCfg = Release|Any CPU
		{7F0264C6-D41A-4929-9CF4-6028799AA4DC}.Release|x64.Build.0 = Release|Any CPU
		{7F0264C6-D41A-4929-9CF4-6028799AA4DC}.Release|x86.ActiveCfg = Release|Any CPU
		{7F0264C6-D41A-4929-9CF4-6028799AA4DC}.Release|x86.Build.0 = Release|Any CPU
		{1B970874-C2EF-4065-89A6-906E036BDE3E}.Debug|Any CPU.ActiveCfg = Debug|Any CPU
		{1B970874-C2EF-4065-89A6-906E036BDE3E}.Debug|Any CPU.Build.0 = Debug|Any CPU
		{1B970874-C2EF-4065-89A6-906E036BDE3E}.Debug|x64.ActiveCfg = Debug|Any CPU
		{1B970874-C2EF-4065-89A6-906E036BDE3E}.Debug|x64.Build.0 = Debug|Any CPU
		{1B970874-C2EF-4065-89A6-906E036BDE3E}.Debug|x86.ActiveCfg = Debug|Any CPU
		{1B970874-C2EF-4065-89A6-906E036BDE3E}.Debug|x86.Build.0 = Debug|Any CPU
		{1B970874-C2EF-4065-89A6-906E036BDE3E}.Release|Any CPU.ActiveCfg = Release|Any CPU
		{1B970874-C2EF-4065-89A6-906E036BDE3E}.Release|Any CPU.Build.0 = Release|Any CPU
		{1B970874-C2EF-4065-89A6-906E036BDE3E}.Release|x64.ActiveCfg = Release|Any CPU
		{1B970874-C2EF-4065-89A6-906E036BDE3E}.Release|x64.Build.0 = Release|Any CPU
		{1B970874-C2EF-4065-89A6-906E036BDE3E}.Release|x86.ActiveCfg = Release|Any CPU
		{1B970874-C2EF-4065-89A6-906E036BDE3E}.Release|x86.Build.0 = Release|Any CPU
	EndGlobalSection
	GlobalSection(SolutionProperties) = preSolution
		HideSolutionNode = FALSE
	EndGlobalSection
	GlobalSection(NestedProjects) = preSolution
		{72C51B3B-3C57-4083-97A0-32D5B957A1C9} = {DBC6FB35-5EB3-4057-A28A-AB55BB5A6DA5}
		{2790D901-B288-4BCA-9723-BD05FDE81A35} = {DBC6FB35-5EB3-4057-A28A-AB55BB5A6DA5}
		{7C96B484-E3AC-4DAB-A056-7D0193548274} = {CB3A8810-9E19-4168-B5EA-5B45923158F1}
		{7DA96B46-9BA8-4EDC-933A-2C01723BB987} = {C70A5A7D-A3CF-4632-8EBC-86A3392433C1}
		{E89599E7-BEFF-4723-9C54-E93D371BAAEC} = {C70A5A7D-A3CF-4632-8EBC-86A3392433C1}
		{D7FD3F0C-14D4-454F-8145-BA59F9923197} = {C70A5A7D-A3CF-4632-8EBC-86A3392433C1}
		{BDAB6564-C8FA-4CF4-993E-78FB1B402EF7} = {C70A5A7D-A3CF-4632-8EBC-86A3392433C1}
		{A942437E-3131-4C20-9790-8D66F882309A} = {C70A5A7D-A3CF-4632-8EBC-86A3392433C1}
		{547601C1-524A-459E-9E4A-C9AC14007AA6} = {CB3A8810-9E19-4168-B5EA-5B45923158F1}
		{3975BA98-B4C7-43A8-B5D4-C39A08AE59EF} = {CB3A8810-9E19-4168-B5EA-5B45923158F1}
		{059CB988-E104-4ECE-82A8-99E568DDE81D} = {CB3A8810-9E19-4168-B5EA-5B45923158F1}
		{53FD0FC6-263F-4E4A-A519-31163AB1B835} = {DBC6FB35-5EB3-4057-A28A-AB55BB5A6DA5}
		{22AB839C-FB23-463E-A2F6-36552E519830} = {CB3A8810-9E19-4168-B5EA-5B45923158F1}
		{8D858B1B-B801-496E-8294-B03F9F34E2B6} = {22AB839C-FB23-463E-A2F6-36552E519830}
		{4D62B560-C961-44E7-81FB-6C864CB85173} = {8D858B1B-B801-496E-8294-B03F9F34E2B6}
		{01DAFC0B-D389-4AD9-BEDA-964E936005DA} = {4D62B560-C961-44E7-81FB-6C864CB85173}
		{D3C0413B-3CD2-446C-BCF7-313C5EADD1BA} = {4D62B560-C961-44E7-81FB-6C864CB85173}
		{45C147CC-0096-46B8-BA77-BE70F3708A4A} = {4D62B560-C961-44E7-81FB-6C864CB85173}
		{508B9496-E5BB-4B14-B6E9-B4C695AF096D} = {8D858B1B-B801-496E-8294-B03F9F34E2B6}
		{B1DFDE57-AD9E-42D4-98FF-E2893CA31ED2} = {22AB839C-FB23-463E-A2F6-36552E519830}
		{3C86A5A5-D092-4232-AAF0-334687759764} = {8D858B1B-B801-496E-8294-B03F9F34E2B6}
		{62DB251F-CD99-4D7D-BD59-1FEF735727B1} = {8D858B1B-B801-496E-8294-B03F9F34E2B6}
		{DA2F5DE8-9E85-403F-B884-D17C646993AA} = {F9CF6DD4-1690-4C30-A0C5-7814474AE4AA}
		{232BC186-96E1-41AD-BC9B-64D50114822A} = {F9CF6DD4-1690-4C30-A0C5-7814474AE4AA}
		{1A72D710-D145-4B9A-BFA7-C12C65E3829D} = {F9CF6DD4-1690-4C30-A0C5-7814474AE4AA}
		{EE11DE23-23E7-45C1-AD38-CDC7E9929A44} = {1A72D710-D145-4B9A-BFA7-C12C65E3829D}
		{343D3B5F-984E-408D-A5BA-3409AB5DAC0B} = {EE11DE23-23E7-45C1-AD38-CDC7E9929A44}
		{F92AFFF4-7645-431A-B89C-F81E5C95F07F} = {EE11DE23-23E7-45C1-AD38-CDC7E9929A44}
		{97C37EA3-ED3C-4A6B-8D94-79052408D2FD} = {1A72D710-D145-4B9A-BFA7-C12C65E3829D}
		{7F0264C6-D41A-4929-9CF4-6028799AA4DC} = {07C2787E-EAC7-C090-1BA3-A61EC2A24D84}
		{1B970874-C2EF-4065-89A6-906E036BDE3E} = {07C2787E-EAC7-C090-1BA3-A61EC2A24D84}
	EndGlobalSection
	GlobalSection(ExtensibilityGlobals) = postSolution
		SolutionGuid = {3E1D72AB-FE6F-48C5-AD98-147A6E3691EA}
	EndGlobalSection
EndGlobal
